
Microsoft Visual Studio Solution File, Format Version 12.00
# Visual Studio Version 17
VisualStudioVersion = 17.13.36105.23
MinimumVisualStudioVersion = 10.0.40219.1
Project("{FAE04EC0-301F-11D3-BF4B-00C04F79EFBC}") = "twitter-clone-api", "twitter-clone-api\twitter-clone-api.csproj", "{A500C85E-328E-0ABE-C288-577E8634AD6B}"
EndProject
Project("{FAE04EC0-301F-11D3-BF4B-00C04F79EFBC}") = "Domain", "Domain\Domain.csproj", "{15BB98A4-A200-447A-91DD-02F0E7B9C879}"
EndProject
Project("{FAE04EC0-301F-11D3-BF4B-00C04F79EFBC}") = "application", "application\application.csproj", "{CE417CC7-6FFC-4F2C-A906-0519F341E708}"
EndProject
Project("{FAE04EC0-301F-11D3-BF4B-00C04F79EFBC}") = "Infrastructure", "Infrastructure\Infrastructure.csproj", "{11F95F85-F16F-4ABB-A1BC-2A351C93A50A}"
EndProject
Project("{FAE04EC0-301F-11D3-BF4B-00C04F79EFBC}") = "test", "test\test.csproj", "{BB36A023-6B3F-43D5-A1BF-6EB13B999B46}"
EndProject
Global
	GlobalSection(SolutionConfigurationPlatforms) = preSolution
		Debug|Any CPU = Debug|Any CPU
		Release|Any CPU = Release|Any CPU
	EndGlobalSection
	GlobalSection(ProjectConfigurationPlatforms) = postSolution
		{A500C85E-328E-0ABE-C288-577E8634AD6B}.Debug|Any CPU.ActiveCfg = Debug|Any CPU
		{A500C85E-328E-0ABE-C288-577E8634AD6B}.Debug|Any CPU.Build.0 = Debug|Any CPU
		{A500C85E-328E-0ABE-C288-577E8634AD6B}.Release|Any CPU.ActiveCfg = Release|Any CPU
		{A500C85E-328E-0ABE-C288-577E8634AD6B}.Release|Any CPU.Build.0 = Release|Any CPU
		{15BB98A4-A200-447A-91DD-02F0E7B9C879}.Debug|Any CPU.ActiveCfg = Debug|Any CPU
		{15BB98A4-A200-447A-91DD-02F0E7B9C879}.Debug|Any CPU.Build.0 = Debug|Any CPU
		{15BB98A4-A200-447A-91DD-02F0E7B9C879}.Release|Any CPU.ActiveCfg = Release|Any CPU
		{15BB98A4-A200-447A-91DD-02F0E7B9C879}.Release|Any CPU.Build.0 = Release|Any CPU
		{CE417CC7-6FFC-4F2C-A906-0519F341E708}.Debug|Any CPU.ActiveCfg = Debug|Any CPU
		{CE417CC7-6FFC-4F2C-A906-0519F341E708}.Debug|Any CPU.Build.0 = Debug|Any CPU
		{CE417CC7-6FFC-4F2C-A906-0519F341E708}.Release|Any CPU.ActiveCfg = Release|Any CPU
		{CE417CC7-6FFC-4F2C-A906-0519F341E708}.Release|Any CPU.Build.0 = Release|Any CPU
		{11F95F85-F16F-4ABB-A1BC-2A351C93A50A}.Debug|Any CPU.ActiveCfg = Debug|Any CPU
		{11F95F85-F16F-4ABB-A1BC-2A351C93A50A}.Debug|Any CPU.Build.0 = Debug|Any CPU
		{11F95F85-F16F-4ABB-A1BC-2A351C93A50A}.Release|Any CPU.ActiveCfg = Release|Any CPU
		{11F95F85-F16F-4ABB-A1BC-2A351C93A50A}.Release|Any CPU.Build.0 = Release|Any CPU
		{BB36A023-6B3F-43D5-A1BF-6EB13B999B46}.Debug|Any CPU.ActiveCfg = Debug|Any CPU
		{BB36A023-6B3F-43D5-A1BF-6EB13B999B46}.Debug|Any CPU.Build.0 = Debug|Any CPU
		{BB36A023-6B3F-43D5-A1BF-6EB13B999B46}.Release|Any CPU.ActiveCfg = Release|Any CPU
		{BB36A023-6B3F-43D5-A1BF-6EB13B999B46}.Release|Any CPU.Build.0 = Release|Any CPU
	EndGlobalSection
	GlobalSection(SolutionProperties) = preSolution
		HideSolutionNode = FALSE
	EndGlobalSection
	GlobalSection(ExtensibilityGlobals) = postSolution
		SolutionGuid = {A6D94F82-C2F4-409C-9991-1664389F3B69}
	EndGlobalSection
EndGlobal
